// !$*UTF8*$!
{
	archiveVersion = 1;
	classes = {
	};
	objectVersion = 77;
	objects = {

/* Begin PBXContainerItemProxy section */
		8F68BED12D2EAABC00E2EF6D /* PBXContainerItemProxy */ = {
			isa = PBXContainerItemProxy;
			containerPortal = 8F68BEAD2D2EAAB900E2EF6D /* Project object */;
			proxyType = 1;
			remoteGlobalIDString = 8F68BEB42D2EAAB900E2EF6D;
			remoteInfo = "Mobility Test";
		};
		8F68BEDB2D2EAABC00E2EF6D /* PBXContainerItemProxy */ = {
			isa = PBXContainerItemProxy;
			containerPortal = 8F68BEAD2D2EAAB900E2EF6D /* Project object */;
			proxyType = 1;
			remoteGlobalIDString = 8F68BEB42D2EAAB900E2EF6D;
			remoteInfo = "Mobility Test";
		};
/* End PBXContainerItemProxy section */

/* Begin PBXFileReference section */
		8F68BEB52D2EAAB900E2EF6D /* Mobility Test.app */ = {isa = PBXFileReference; explicitFileType = wrapper.application; includeInIndex = 0; path = "Mobility Test.app"; sourceTree = BUILT_PRODUCTS_DIR; };
		8F68BED02D2EAABC00E2EF6D /* Mobility TestTests.xctest */ = {isa = PBXFileReference; explicitFileType = wrapper.cfbundle; includeInIndex = 0; path = "Mobility TestTests.xctest"; sourceTree = BUILT_PRODUCTS_DIR; };
		8F68BEDA2D2EAABC00E2EF6D /* Mobility TestUITests.xctest */ = {isa = PBXFileReference; explicitFileType = wrapper.cfbundle; includeInIndex = 0; path = "Mobility TestUITests.xctest"; sourceTree = BUILT_PRODUCTS_DIR; };
/* End PBXFileReference section */

/* Begin PBXFileSystemSynchronizedBuildFileExceptionSet section */
		8F68BEE22D2EAABC00E2EF6D /* Exceptions for "Mobility Test" folder in "Mobility Test" target */ = {
			isa = PBXFileSystemSynchronizedBuildFileExceptionSet;
			membershipExceptions = (
				Info.plist,
			);
			target = 8F68BEB42D2EAAB900E2EF6D /* Mobility Test */;
		};
/* End PBXFileSystemSynchronizedBuildFileExceptionSet section */

/* Begin PBXFileSystemSynchronizedRootGroup section */
		8F68BEB72D2EAAB900E2EF6D /* Mobility Test */ = {
			isa = PBXFileSystemSynchronizedRootGroup;
			exceptions = (
				8F68BEE22D2EAABC00E2EF6D /* Exceptions for "Mobility Test" folder in "Mobility Test" target */,
			);
			path = "Mobility Test";
			sourceTree = "<group>";
		};
		8F68BED32D2EAABC00E2EF6D /* Mobility TestTests */ = {
			isa = PBXFileSystemSynchronizedRootGroup;
			path = "Mobility TestTests";
			sourceTree = "<group>";
		};
		8F68BEDD2D2EAABC00E2EF6D /* Mobility TestUITests */ = {
			isa = PBXFileSystemSynchronizedRootGroup;
			path = "Mobility TestUITests";
			sourceTree = "<group>";
		};
/* End PBXFileSystemSynchronizedRootGroup section */

/* Begin PBXFrameworksBuildPhase section */
		8F68BEB22D2EAAB900E2EF6D /* Frameworks */ = {
			isa = PBXFrameworksBuildPhase;
			buildActionMask = 2147483647;
			files = (
			);
			runOnlyForDeploymentPostprocessing = 0;
		};
		8F68BECD2D2EAABC00E2EF6D /* Frameworks */ = {
			isa = PBXFrameworksBuildPhase;
			buildActionMask = 2147483647;
			files = (
			);
			runOnlyForDeploymentPostprocessing = 0;
		};
		8F68BED72D2EAABC00E2EF6D /* Frameworks */ = {
			isa = PBXFrameworksBuildPhase;
			buildActionMask = 2147483647;
			files = (
			);
			runOnlyForDeploymentPostprocessing = 0;
		};
/* End PBXFrameworksBuildPhase section */

/* Begin PBXGroup section */
		8F68BEAC2D2EAAB900E2EF6D = {
			isa = PBXGroup;
			children = (
				8F68BEB72D2EAAB900E2EF6D /* Mobility Test */,
				8F68BED32D2EAABC00E2EF6D /* Mobility TestTests */,
				8F68BEDD2D2EAABC00E2EF6D /* Mobility TestUITests */,
				8F68BEB62D2EAAB900E2EF6D /* Products */,
			);
			sourceTree = "<group>";
		};
		8F68BEB62D2EAAB900E2EF6D /* Products */ = {
			isa = PBXGroup;
			children = (
				8F68BEB52D2EAAB900E2EF6D /* Mobility Test.app */,
				8F68BED02D2EAABC00E2EF6D /* Mobility TestTests.xctest */,
				8F68BEDA2D2EAABC00E2EF6D /* Mobility TestUITests.xctest */,
			);
			name = Products;
			sourceTree = "<group>";
		};
/* End PBXGroup section */

/* Begin PBXNativeTarget section */
		8F68BEB42D2EAAB900E2EF6D /* Mobility Test */ = {
			isa = PBXNativeTarget;
			buildConfigurationList = 8F68BEE32D2EAABC00E2EF6D /* Build configuration list for PBXNativeTarget "Mobility Test" */;
			buildPhases = (
				8F68BEB12D2EAAB900E2EF6D /* Sources */,
				8F68BEB22D2EAAB900E2EF6D /* Frameworks */,
				8F68BEB32D2EAAB900E2EF6D /* Resources */,
			);
			buildRules = (
			);
			dependencies = (
			);
			fileSystemSynchronizedGroups = (
				8F68BEB72D2EAAB900E2EF6D /* Mobility Test */,
			);
			name = "Mobility Test";
			packageProductDependencies = (
			);
			productName = "Mobility Test";
			productReference = 8F68BEB52D2EAAB900E2EF6D /* Mobility Test.app */;
			productType = "com.apple.product-type.application";
		};
		8F68BECF2D2EAABC00E2EF6D /* Mobility TestTests */ = {
			isa = PBXNativeTarget;
			buildConfigurationList = 8F68BEE82D2EAABC00E2EF6D /* Build configuration list for PBXNativeTarget "Mobility TestTests" */;
			buildPhases = (
				8F68BECC2D2EAABC00E2EF6D /* Sources */,
				8F68BECD2D2EAABC00E2EF6D /* Frameworks */,
				8F68BECE2D2EAABC00E2EF6D /* Resources */,
			);
			buildRules = (
			);
			dependencies = (
				8F68BED22D2EAABC00E2EF6D /* PBXTargetDependency */,
			);
			fileSystemSynchronizedGroups = (
				8F68BED32D2EAABC00E2EF6D /* Mobility TestTests */,
			);
			name = "Mobility TestTests";
			packageProductDependencies = (
			);
			productName = "Mobility TestTests";
			productReference = 8F68BED02D2EAABC00E2EF6D /* Mobility TestTests.xctest */;
			productType = "com.apple.product-type.bundle.unit-test";
		};
		8F68BED92D2EAABC00E2EF6D /* Mobility TestUITests */ = {
			isa = PBXNativeTarget;
			buildConfigurationList = 8F68BEEB2D2EAABC00E2EF6D /* Build configuration list for PBXNativeTarget "Mobility TestUITests" */;
			buildPhases = (
				8F68BED62D2EAABC00E2EF6D /* Sources */,
				8F68BED72D2EAABC00E2EF6D /* Frameworks */,
				8F68BED82D2EAABC00E2EF6D /* Resources */,
			);
			buildRules = (
			);
			dependencies = (
				8F68BEDC2D2EAABC00E2EF6D /* PBXTargetDependency */,
			);
			fileSystemSynchronizedGroups = (
				8F68BEDD2D2EAABC00E2EF6D /* Mobility TestUITests */,
			);
			name = "Mobility TestUITests";
			packageProductDependencies = (
			);
			productName = "Mobility TestUITests";
			productReference = 8F68BEDA2D2EAABC00E2EF6D /* Mobility TestUITests.xctest */;
			productType = "com.apple.product-type.bundle.ui-testing";
		};
/* End PBXNativeTarget section */

/* Begin PBXProject section */
		8F68BEAD2D2EAAB900E2EF6D /* Project object */ = {
			isa = PBXProject;
			attributes = {
				BuildIndependentTargetsInParallel = 1;
				LastUpgradeCheck = 1610;
				TargetAttributes = {
					8F68BEB42D2EAAB900E2EF6D = {
						CreatedOnToolsVersion = 16.1;
					};
					8F68BECF2D2EAABC00E2EF6D = {
						CreatedOnToolsVersion = 16.1;
						TestTargetID = 8F68BEB42D2EAAB900E2EF6D;
					};
					8F68BED92D2EAABC00E2EF6D = {
						CreatedOnToolsVersion = 16.1;
						TestTargetID = 8F68BEB42D2EAAB900E2EF6D;
					};
				};
			};
			buildConfigurationList = 8F68BEB02D2EAAB900E2EF6D /* Build configuration list for PBXProject "Mobility Test" */;
			developmentRegion = en;
			hasScannedForEncodings = 0;
			knownRegions = (
				en,
				Base,
			);
			mainGroup = 8F68BEAC2D2EAAB900E2EF6D;
			minimizedProjectReferenceProxies = 1;
			preferredProjectObjectVersion = 77;
			productRefGroup = 8F68BEB62D2EAAB900E2EF6D /* Products */;
			projectDirPath = "";
			projectRoot = "";
			targets = (
				8F68BEB42D2EAAB900E2EF6D /* Mobility Test */,
				8F68BECF2D2EAABC00E2EF6D /* Mobility TestTests */,
				8F68BED92D2EAABC00E2EF6D /* Mobility TestUITests */,
			);
		};
/* End PBXProject section */

/* Begin PBXResourcesBuildPhase section */
		8F68BEB32D2EAAB900E2EF6D /* Resources */ = {
			isa = PBXResourcesBuildPhase;
			buildActionMask = 2147483647;
			files = (
			);
			runOnlyForDeploymentPostprocessing = 0;
		};
		8F68BECE2D2EAABC00E2EF6D /* Resources */ = {
			isa = PBXResourcesBuildPhase;
			buildActionMask = 2147483647;
			files = (
			);
			runOnlyForDeploymentPostprocessing = 0;
		};
		8F68BED82D2EAABC00E2EF6D /* Resources */ = {
			isa = PBXResourcesBuildPhase;
			buildActionMask = 2147483647;
			files = (
			);
			runOnlyForDeploymentPostprocessing = 0;
		};
/* End PBXResourcesBuildPhase section */

/* Begin PBXSourcesBuildPhase section */
		8F68BEB12D2EAAB900E2EF6D /* Sources */ = {
			isa = PBXSourcesBuildPhase;
			buildActionMask = 2147483647;
			files = (
			);
			runOnlyForDeploymentPostprocessing = 0;
		};
		8F68BECC2D2EAABC00E2EF6D /* Sources */ = {
			isa = PBXSourcesBuildPhase;
			buildActionMask = 2147483647;
			files = (
			);
			runOnlyForDeploymentPostprocessing = 0;
		};
		8F68BED62D2EAABC00E2EF6D /* Sources */ = {
			isa = PBXSourcesBuildPhase;
			buildActionMask = 2147483647;
			files = (
			);
			runOnlyForDeploymentPostprocessing = 0;
		};
/* End PBXSourcesBuildPhase section */

/* Begin PBXTargetDependency section */
		8F68BED22D2EAABC00E2EF6D /* PBXTargetDependency */ = {
			isa = PBXTargetDependency;
			target = 8F68BEB42D2EAAB900E2EF6D /* Mobility Test */;
			targetProxy = 8F68BED12D2EAABC00E2EF6D /* PBXContainerItemProxy */;
		};
		8F68BEDC2D2EAABC00E2EF6D /* PBXTargetDependency */ = {
			isa = PBXTargetDependency;
			target = 8F68BEB42D2EAAB900E2EF6D /* Mobility Test */;
			targetProxy = 8F68BEDB2D2EAABC00E2EF6D /* PBXContainerItemProxy */;
		};
/* End PBXTargetDependency section */

/* Begin XCBuildConfiguration section */
		8F68BEE42D2EAABC00E2EF6D /* Debug */ = {
			isa = XCBuildConfiguration;
			buildSettings = {
				ASSETCATALOG_COMPILER_APPICON_NAME = AppIcon;
				ASSETCATALOG_COMPILER_GLOBAL_ACCENT_COLOR_NAME = AccentColor;
				CODE_SIGN_STYLE = Automatic;
				CURRENT_PROJECT_VERSION = 1;
				GENERATE_INFOPLIST_FILE = YES;
				INFOPLIST_FILE = "Mobility Test/Info.plist";
				INFOPLIST_KEY_UIApplicationSupportsIndirectInputEvents = YES;
				INFOPLIST_KEY_UILaunchStoryboardName = LaunchScreen;
				INFOPLIST_KEY_UIMainStoryboardFile = Main;
				INFOPLIST_KEY_UISupportedInterfaceOrientations_iPad = "UIInterfaceOrientationPortrait UIInterfaceOrientationPortraitUpsideDown UIInterfaceOrientationLandscapeLeft UIInterfaceOrientationLandscapeRight";
				INFOPLIST_KEY_UISupportedInterfaceOrientations_iPhone = "UIInterfaceOrientationPortrait UIInterfaceOrientationLandscapeLeft UIInterfaceOrientationLandscapeRight";
				LD_RUNPATH_SEARCH_PATHS = (
					"$(inherited)",
					"@executable_path/Frameworks",
				);
				MARKETING_VERSION = 1.0;
				PRODUCT_BUNDLE_IDENTIFIER = "com.dharmender.Mobility-Test";
				PRODUCT_NAME = "$(TARGET_NAME)";
				SWIFT_EMIT_LOC_STRINGS = YES;
				TARGETED_DEVICE_FAMILY = "1,2";
			};
			name = Debug;
		};
		8F68BEE52D2EAABC00E2EF6D /* Release */ = {
			isa = XCBuildConfiguration;
			buildSettings = {
				ASSETCATALOG_COMPILER_APPICON_NAME = AppIcon;
				ASSETCATALOG_COMPILER_GLOBAL_ACCENT_COLOR_NAME = AccentColor;
				CODE_SIGN_STYLE = Automatic;
				CURRENT_PROJECT_VERSION = 1;
				GENERATE_INFOPLIST_FILE = YES;
				INFOPLIST_FILE = "Mobility Test/Info.plist";
				INFOPLIST_KEY_UIApplicationSupportsIndirectInputEvents = YES;
				INFOPLIST_KEY_UILaunchStoryboardName = LaunchScreen;
				INFOPLIST_KEY_UIMainStoryboardFile = Main;
				INFOPLIST_KEY_UISupportedInterfaceOrientations_iPad = "UIInterfaceOrientationPortrait UIInterfaceOrientationPortraitUpsideDown UIInterfaceOrientationLandscapeLeft UIInterfaceOrientationLandscapeRight";
				INFOPLIST_KEY_UISupportedInterfaceOrientations_iPhone = "UIInterfaceOrientationPortrait UIInterfaceOrientationLandscapeLeft UIInterfaceOrientationLandscapeRight";
				LD_RUNPATH_SEARCH_PATHS = (
					"$(inherited)",
					"@executable_path/Frameworks",
				);
				MARKETING_VERSION = 1.0;
				PRODUCT_BUNDLE_IDENTIFIER = "com.dharmender.Mobility-Test";
				PRODUCT_NAME = "$(TARGET_NAME)";
				SWIFT_EMIT_LOC_STRINGS = YES;
				TARGETED_DEVICE_FAMILY = "1,2";
			};
			name = Release;
		};
		8F68BEE62D2EAABC00E2EF6D /* Debug */ = {
			isa = XCBuildConfiguration;
			buildSettings = {
				ALWAYS_SEARCH_USER_PATHS = NO;
				ASSETCATALOG_COMPILER_GENERATE_SWIFT_ASSET_SYMBOL_EXTENSIONS = YES;
				CLANG_ANALYZER_NONNULL = YES;
				CLANG_ANALYZER_NUMBER_OBJECT_CONVERSION = YES_AGGRESSIVE;
				CLANG_CXX_LANGUAGE_STANDARD = "gnu++20";
				CLANG_ENABLE_MODULES = YES;
				CLANG_ENABLE_OBJC_ARC = YES;
				CLANG_ENABLE_OBJC_WEAK = YES;
				CLANG_WARN_BLOCK_CAPTURE_AUTORELEASING = YES;
				CLANG_WARN_BOOL_CONVERSION = YES;
				CLANG_WARN_COMMA = YES;
				CLANG_WARN_CONSTANT_CONVERSION = YES;
				CLANG_WARN_DEPRECATED_OBJC_IMPLEMENTATIONS = YES;
				CLANG_WARN_DIRECT_OBJC_ISA_USAGE = YES_ERROR;
				CLANG_WARN_DOCUMENTATION_COMMENTS = YES;
				CLANG_WARN_EMPTY_BODY = YES;
				CLANG_WARN_ENUM_CONVERSION = YES;
				CLANG_WARN_INFINITE_RECURSION = YES;
				CLANG_WARN_INT_CONVERSION = YES;
				CLANG_WARN_NON_LITERAL_NULL_CONVERSION = YES;
				CLANG_WARN_OBJC_IMPLICIT_RETAIN_SELF = YES;
				CLANG_WARN_OBJC_LITERAL_CONVERSION = YES;
				CLANG_WARN_OBJC_ROOT_CLASS = YES_ERROR;
				CLANG_WARN_QUOTED_INCLUDE_IN_FRAMEWORK_HEADER = YES;
				CLANG_WARN_RANGE_LOOP_ANALYSIS = YES;
				CLANG_WARN_STRICT_PROTOTYPES = YES;
				CLANG_WARN_SUSPICIOUS_MOVE = YES;
				CLANG_WARN_UNGUARDED_AVAILABILITY = YES_AGGRESSIVE;
				CLANG_WARN_UNREACHABLE_CODE = YES;
				CLANG_WARN__DUPLICATE_METHOD_MATCH = YES;
				COPY_PHASE_STRIP = NO;
				DEBUG_INFORMATION_FORMAT = dwarf;
				ENABLE_STRICT_OBJC_MSGSEND = YES;
				ENABLE_TESTABILITY = YES;
				ENABLE_USER_SCRIPT_SANDBOXING = YES;
				GCC_C_LANGUAGE_STANDARD = gnu17;
				GCC_DYNAMIC_NO_PIC = NO;
				GCC_NO_COMMON_BLOCKS = YES;
				GCC_OPTIMIZATION_LEVEL = 0;
				GCC_PREPROCESSOR_DEFINITIONS = (
					"DEBUG=1",
					"$(inherited)",
				);
				GCC_WARN_64_TO_32_BIT_CONVERSION = YES;
				GCC_WARN_ABOUT_RETURN_TYPE = YES_ERROR;
				GCC_WARN_UNDECLARED_SELECTOR = YES;
				GCC_WARN_UNINITIALIZED_AUTOS = YES_AGGRESSIVE;
				GCC_WARN_UNUSED_FUNCTION = YES;
				GCC_WARN_UNUSED_VARIABLE = YES;
				IPHONEOS_DEPLOYMENT_TARGET = 18.1;
				LOCALIZATION_PREFERS_STRING_CATALOGS = YES;
				MTL_ENABLE_DEBUG_INFO = INCLUDE_SOURCE;
				MTL_FAST_MATH = YES;
				ONLY_ACTIVE_ARCH = YES;
				SDKROOT = iphoneos;
			};
			name = Debug;
		};
		8F68BEE72D2EAABC00E2EF6D /* Release */ = {
			isa = XCBuildConfiguration;
			buildSettings = {
				ALWAYS_SEARCH_USER_PATHS = NO;
				ASSETCATALOG_COMPILER_GENERATE_SWIFT_ASSET_SYMBOL_EXTENSIONS = YES;
				CLANG_ANALYZER_NONNULL = YES;
				CLANG_ANALYZER_NUMBER_OBJECT_CONVERSION = YES_AGGRESSIVE;
				CLANG_CXX_LANGUAGE_STANDARD = "gnu++20";
				CLANG_ENABLE_MODULES = YES;
				CLANG_ENABLE_OBJC_ARC = YES;
				CLANG_ENABLE_OBJC_WEAK = YES;
				CLANG_WARN_BLOCK_CAPTURE_AUTORELEASING = YES;
				CLANG_WARN_BOOL_CONVERSION = YES;
				CLANG_WARN_COMMA = YES;
				CLANG_WARN_CONSTANT_CONVERSION = YES;
				CLANG_WARN_DEPRECATED_OBJC_IMPLEMENTATIONS = YES;
				CLANG_WARN_DIRECT_OBJC_ISA_USAGE = YES_ERROR;
				CLANG_WARN_DOCUMENTATION_COMMENTS = YES;
				CLANG_WARN_EMPTY_BODY = YES;
				CLANG_WARN_ENUM_CONVERSION = YES;
				CLANG_WARN_INFINITE_RECURSION = YES;
				CLANG_WARN_INT_CONVERSION = YES;
				CLANG_WARN_NON_LITERAL_NULL_CONVERSION = YES;
				CLANG_WARN_OBJC_IMPLICIT_RETAIN_SELF = YES;
				CLANG_WARN_OBJC_LITERAL_CONVERSION = YES;
				CLANG_WARN_OBJC_ROOT_CLASS = YES_ERROR;
				CLANG_WARN_QUOTED_INCLUDE_IN_FRAMEWORK_HEADER = YES;
				CLANG_WARN_RANGE_LOOP_ANALYSIS = YES;
				CLANG_WARN_STRICT_PROTOTYPES = YES;
				CLANG_WARN_SUSPICIOUS_MOVE = YES;
				CLANG_WARN_UNGUARDED_AVAILABILITY = YES_AGGRESSIVE;
				CLANG_WARN_UNREACHABLE_CODE = YES;
				CLANG_WARN__DUPLICATE_METHOD_MATCH = YES;
				COPY_PHASE_STRIP = NO;
				DEBUG_INFORMATION_FORMAT = "dwarf-with-dsym";
				ENABLE_NS_ASSERTIONS = NO;
				ENABLE_STRICT_OBJC_MSGSEND = YES;
				ENABLE_USER_SCRIPT_SANDBOXING = YES;
				GCC_C_LANGUAGE_STANDARD = gnu17;
				GCC_NO_COMMON_BLOCKS = YES;
				GCC_WARN_64_TO_32_BIT_CONVERSION = YES;
				GCC_WARN_ABOUT_RETURN_TYPE = YES_ERROR;
				GCC_WARN_UNDECLARED_SELECTOR = YES;
				GCC_WARN_UNINITIALIZED_AUTOS = YES_AGGRESSIVE;
				GCC_WARN_UNUSED_FUNCTION = YES;
				GCC_WARN_UNUSED_VARIABLE = YES;
				IPHONEOS_DEPLOYMENT_TARGET = 18.1;
				LOCALIZATION_PREFERS_STRING_CATALOGS = YES;
				MTL_ENABLE_DEBUG_INFO = NO;
				MTL_FAST_MATH = YES;
				SDKROOT = iphoneos;
				VALIDATE_PRODUCT = YES;
			};
			name = Release;
		};
		8F68BEE92D2EAABC00E2EF6D /* Debug */ = {
			isa = XCBuildConfiguration;
			buildSettings = {
				BUNDLE_LOADER = "$(TEST_HOST)";
				CODE_SIGN_STYLE = Automatic;
				CURRENT_PROJECT_VERSION = 1;
				GENERATE_INFOPLIST_FILE = YES;
				IPHONEOS_DEPLOYMENT_TARGET = 18.1;
				MARKETING_VERSION = 1.0;
				PRODUCT_BUNDLE_IDENTIFIER = "com.dharmender.Mobility-TestTests";
				PRODUCT_NAME = "$(TARGET_NAME)";
				SWIFT_EMIT_LOC_STRINGS = NO;
				TARGETED_DEVICE_FAMILY = "1,2";
				TEST_HOST = "$(BUILT_PRODUCTS_DIR)/Mobility Test.app/$(BUNDLE_EXECUTABLE_FOLDER_PATH)/Mobility Test";
			};
			name = Debug;
		};
		8F68BEEA2D2EAABC00E2EF6D /* Release */ = {
			isa = XCBuildConfiguration;
			buildSettings = {
				BUNDLE_LOADER = "$(TEST_HOST)";
				CODE_SIGN_STYLE = Automatic;
				CURRENT_PROJECT_VERSION = 1;
				GENERATE_INFOPLIST_FILE = YES;
				IPHONEOS_DEPLOYMENT_TARGET = 18.1;
				MARKETING_VERSION = 1.0;
				PRODUCT_BUNDLE_IDENTIFIER = "com.dharmender.Mobility-TestTests";
				PRODUCT_NAME = "$(TARGET_NAME)";
				SWIFT_EMIT_LOC_STRINGS = NO;
				TARGETED_DEVICE_FAMILY = "1,2";
				TEST_HOST = "$(BUILT_PRODUCTS_DIR)/Mobility Test.app/$(BUNDLE_EXECUTABLE_FOLDER_PATH)/Mobility Test";
			};
			name = Release;
		};
		8F68BEEC2D2EAABC00E2EF6D /* Debug */ = {
			isa = XCBuildConfiguration;
			buildSettings = {
				CODE_SIGN_STYLE = Automatic;
				CURRENT_PROJECT_VERSION = 1;
				GENERATE_INFOPLIST_FILE = YES;
				MARKETING_VERSION = 1.0;
				PRODUCT_BUNDLE_IDENTIFIER = "com.dharmender.Mobility-TestUITests";
				PRODUCT_NAME = "$(TARGET_NAME)";
				SWIFT_EMIT_LOC_STRINGS = NO;
				TARGETED_DEVICE_FAMILY = "1,2";
				TEST_TARGET_NAME = "Mobility Test";
			};
			name = Debug;
		};
		8F68BEED2D2EAABC00E2EF6D /* Release */ = {
			isa = XCBuildConfiguration;
			buildSettings = {
				CODE_SIGN_STYLE = Automatic;
				CURRENT_PROJECT_VERSION = 1;
				GENERATE_INFOPLIST_FILE = YES;
				MARKETING_VERSION = 1.0;
				PRODUCT_BUNDLE_IDENTIFIER = "com.dharmender.Mobility-TestUITests";
				PRODUCT_NAME = "$(TARGET_NAME)";
				SWIFT_EMIT_LOC_STRINGS = NO;
				TARGETED_DEVICE_FAMILY = "1,2";
				TEST_TARGET_NAME = "Mobility Test";
			};
			name = Release;
		};
/* End XCBuildConfiguration section */

/* Begin XCConfigurationList section */
		8F68BEB02D2EAAB900E2EF6D /* Build configuration list for PBXProject "Mobility Test" */ = {
			isa = XCConfigurationList;
			buildConfigurations = (
				8F68BEE62D2EAABC00E2EF6D /* Debug */,
				8F68BEE72D2EAABC00E2EF6D /* Release */,
			);
			defaultConfigurationIsVisible = 0;
			defaultConfigurationName = Release;
		};
		8F68BEE32D2EAABC00E2EF6D /* Build configuration list for PBXNativeTarget "Mobility Test" */ = {
			isa = XCConfigurationList;
			buildConfigurations = (
				8F68BEE42D2EAABC00E2EF6D /* Debug */,
				8F68BEE52D2EAABC00E2EF6D /* Release */,
			);
			defaultConfigurationIsVisible = 0;
			defaultConfigurationName = Release;
		};
		8F68BEE82D2EAABC00E2EF6D /* Build configuration list for PBXNativeTarget "Mobility TestTests" */ = {
			isa = XCConfigurationList;
			buildConfigurations = (
				8F68BEE92D2EAABC00E2EF6D /* Debug */,
				8F68BEEA2D2EAABC00E2EF6D /* Release */,
			);
			defaultConfigurationIsVisible = 0;
			defaultConfigurationName = Release;
		};
		8F68BEEB2D2EAABC00E2EF6D /* Build configuration list for PBXNativeTarget "Mobility TestUITests" */ = {
			isa = XCConfigurationList;
			buildConfigurations = (
				8F68BEEC2D2EAABC00E2EF6D /* Debug */,
				8F68BEED2D2EAABC00E2EF6D /* Release */,
			);
			defaultConfigurationIsVisible = 0;
			defaultConfigurationName = Release;
		};
/* End XCConfigurationList section */
	};
	rootObject = 8F68BEAD2D2EAAB900E2EF6D /* Project object */;
}
